
Microsoft Visual Studio Solution File, Format Version 12.00
# Visual Studio Version 16
VisualStudioVersion = 16.0.30104.148
MinimumVisualStudioVersion = 10.0.40219.1
Project("{FAE04EC0-301F-11D3-BF4B-00C04F79EFBC}") = "TXT READER", "JSON READER\TXT READER.csproj", "{5236B85B-70CA-4B15-883E-8D91573EE153}"
EndProject
Global
	GlobalSection(SolutionConfigurationPlatforms) = preSolution
		Debug|Any CPU = Debug|Any CPU
		Release|Any CPU = Release|Any CPU
	EndGlobalSection
	GlobalSection(ProjectConfigurationPlatforms) = postSolution
		{5236B85B-70CA-4B15-883E-8D91573EE153}.Debug|Any CPU.ActiveCfg = Debug|Any CPU
		{5236B85B-70CA-4B15-883E-8D91573EE153}.Debug|Any CPU.Build.0 = Debug|Any CPU
		{5236B85B-70CA-4B15-883E-8D91573EE153}.Release|Any CPU.ActiveCfg = Release|Any CPU
		{5236B85B-70CA-4B15-883E-8D91573EE153}.Release|Any CPU.Build.0 = Release|Any CPU
	EndGlobalSection
	GlobalSection(SolutionProperties) = preSolution
		HideSolutionNode = FALSE
	EndGlobalSection
	GlobalSection(ExtensibilityGlobals) = postSolution
		SolutionGuid = {A23A3FFB-2265-4A35-A61F-34013AB457DF}
	EndGlobalSection
EndGlobal
